
Microsoft Visual Studio Solution File, Format Version 12.00
# Visual Studio 15
VisualStudioVersion = 15.0.27703.2026
MinimumVisualStudioVersion = 10.0.40219.1
Project("{FAE04EC0-301F-11D3-BF4B-00C04F79EFBC}") = "HelloWorld", "HelloWorld\HelloWorld.csproj", "{7D3D1BF6-DFC4-4019-949A-3E7A8AAB8CC0}"
EndProject
Project("{FAE04EC0-301F-11D3-BF4B-00C04F79EFBC}") = "HelloWorld.Tests", "HelloWorld.Tests\HelloWorld.Tests.csproj", "{C28559CF-5587-47E0-9CEB-94B417FA306F}"
EndProject
Global
	GlobalSection(SolutionConfigurationPlatforms) = preSolution
		Debug|Any CPU = Debug|Any CPU
		Release|Any CPU = Release|Any CPU
	EndGlobalSection
	GlobalSection(ProjectConfigurationPlatforms) = postSolution
		{7D3D1BF6-DFC4-4019-949A-3E7A8AAB8CC0}.Debug|Any CPU.ActiveCfg = Debug|Any CPU
		{7D3D1BF6-DFC4-4019-949A-3E7A8AAB8CC0}.Debug|Any CPU.Build.0 = Debug|Any CPU
		{7D3D1BF6-DFC4-4019-949A-3E7A8AAB8CC0}.Release|Any CPU.ActiveCfg = Release|Any CPU
		{7D3D1BF6-DFC4-4019-949A-3E7A8AAB8CC0}.Release|Any CPU.Build.0 = Release|Any CPU
		{C28559CF-5587-47E0-9CEB-94B417FA306F}.Debug|Any CPU.ActiveCfg = Debug|Any CPU
		{C28559CF-5587-47E0-9CEB-94B417FA306F}.Debug|Any CPU.Build.0 = Debug|Any CPU
		{C28559CF-5587-47E0-9CEB-94B417FA306F}.Release|Any CPU.ActiveCfg = Release|Any CPU
		{C28559CF-5587-47E0-9CEB-94B417FA306F}.Release|Any CPU.Build.0 = Release|Any CPU
	EndGlobalSection
	GlobalSection(SolutionProperties) = preSolution
		HideSolutionNode = FALSE
	EndGlobalSection
	GlobalSection(ExtensibilityGlobals) = postSolution
		SolutionGuid = {36A03823-F8F9-4271-9CB3-72C002CF645D}
	EndGlobalSection
EndGlobal
